
Microsoft Visual Studio Solution File, Format Version 12.00
# Visual Studio Version 16
VisualStudioVersion = 16.0.30204.135
MinimumVisualStudioVersion = 10.0.40219.1
Project("{FAE04EC0-301F-11D3-BF4B-00C04F79EFBC}") = "00_VariablesAndValueTypes", "00_VariablesAndValueTypes\00_VariablesAndValueTypes.csproj", "{E2676019-9A1E-4769-ABB5-7C4587812E70}"
EndProject
Project("{FAE04EC0-301F-11D3-BF4B-00C04F79EFBC}") = "01_ReferenceTypes", "01_ReferenceTypes\01_ReferenceTypes.csproj", "{AAE2FDA7-8E63-44DC-B810-AE5492588221}"
EndProject
Project("{FAE04EC0-301F-11D3-BF4B-00C04F79EFBC}") = "02_Operators", "02_Operators\02_Operators.csproj", "{40B8B124-D8E2-4B28-9C3B-1BD102042CD1}"
EndProject
Project("{FAE04EC0-301F-11D3-BF4B-00C04F79EFBC}") = "03_IfElseStatements", "03_IfElseStatements\03_IfElseStatements.csproj", "{FD26FACB-2010-4CD4-8B8B-567A97CE939D}"
EndProject
Project("{FAE04EC0-301F-11D3-BF4B-00C04F79EFBC}") = "03_SwitchCases", "03_SwitchCases\03_SwitchCases.csproj", "{B15BD9E8-D42D-4B7C-9C98-293BED7932C7}"
EndProject
Project("{FAE04EC0-301F-11D3-BF4B-00C04F79EFBC}") = "03_Ternaries", "03_Ternaries\03_Ternaries.csproj", "{A6000461-FDE0-4833-B5E4-6EA3D3A72D64}"
EndProject
Project("{FAE04EC0-301F-11D3-BF4B-00C04F79EFBC}") = "04_Loops", "04_Loops\04_Loops.csproj", "{0CDC96D1-D9FC-4777-B9EB-937285378CDD}"
EndProject
Project("{FAE04EC0-301F-11D3-BF4B-00C04F79EFBC}") = "05_Methods", "05_Methods\05_Methods.csproj", "{387B6C14-C413-4B79-B533-3194F4BE9725}"
EndProject
Project("{FAE04EC0-301F-11D3-BF4B-00C04F79EFBC}") = "99_ReferenceTypesChallenges", "01_ReferenceTypesChallenges\99_ReferenceTypesChallenges.csproj", "{36BE12AA-8A85-4573-96D1-7C89817D72A1}"
EndProject
Project("{FAE04EC0-301F-11D3-BF4B-00C04F79EFBC}") = "99_RandomNumberAndString", "01_RandomNumberAndString\99_RandomNumberAndString.csproj", "{4014E1A5-8E0E-4889-BA25-06907A2DCA54}"
EndProject
Project("{FAE04EC0-301F-11D3-BF4B-00C04F79EFBC}") = "99_RandQueMethod", "99_RandQueMethod\99_RandQueMethod.csproj", "{8F7EE118-852D-42D0-BA21-4A8FF8A8A74C}"
EndProject
Project("{FAE04EC0-301F-11D3-BF4B-00C04F79EFBC}") = "00_ConvertStringToNumbers", "00_ConvertStringToNumbers\00_ConvertStringToNumbers.csproj", "{59CF17F5-4FD9-4BAF-B814-DC735D36016E}"
EndProject
Project("{FAE04EC0-301F-11D3-BF4B-00C04F79EFBC}") = "99_Practice", "99_Practice\99_Practice.csproj", "{CF8DB9EC-89D6-47E0-8F80-2A83D7CF0664}"
EndProject
Project("{FAE04EC0-301F-11D3-BF4B-00C04F79EFBC}") = "99_TestSomething", "99_TestSomething\99_TestSomething.csproj", "{0FCE0E58-6820-4EAF-8987-3A360A8D1624}"
EndProject
Project("{FAE04EC0-301F-11D3-BF4B-00C04F79EFBC}") = "05_TimeSpan", "05_TimeSpan\05_TimeSpan.csproj", "{65806E88-6A1F-4089-B704-CD6B4C7C91D7}"
EndProject
Project("{FAE04EC0-301F-11D3-BF4B-00C04F79EFBC}") = "06_Classes", "06_Classes\06_Classes.csproj", "{F0B88057-B5F6-467A-B97C-F25B959C1707}"
EndProject
Project("{FAE04EC0-301F-11D3-BF4B-00C04F79EFBC}") = "07_RepositoryPattern_Repository", "07_RepositoryPattern_Repository\07_RepositoryPattern_Repository.csproj", "{EF3426E5-25C3-4627-B643-F90F2113123E}"
EndProject
Project("{FAE04EC0-301F-11D3-BF4B-00C04F79EFBC}") = "07_RepositoryPattern_Tests", "07_RepositoryPattern_Tests\07_RepositoryPattern_Tests.csproj", "{E34B834F-3897-4DD3-9181-7496DD877BE5}"
EndProject
Project("{FAE04EC0-301F-11D3-BF4B-00C04F79EFBC}") = "08_Inheritance_Classes", "08_Inheritance_Classes\08_Inheritance_Classes.csproj", "{06787706-EA72-4995-9B1A-DE92C59C5F7F}"
EndProject
Project("{FAE04EC0-301F-11D3-BF4B-00C04F79EFBC}") = "08_Inheritance_Tests", "08_Inheritance_Tests\08_Inheritance_Tests.csproj", "{2C606551-3D8E-418C-9C97-4F4CCA917645}"
EndProject
Project("{2150E333-8FDC-42A3-9474-1A3956D46DE8}") = "Solution Items", "Solution Items", "{417E7727-0731-40D7-BCA3-8E1A51EF2017}"
	ProjectSection(SolutionItems) = preProject
		.editorconfig = .editorconfig
		FeaturesInProjects.txt = FeaturesInProjects.txt
	EndProjectSection
EndProject
Project("{FAE04EC0-301F-11D3-BF4B-00C04F79EFBC}") = "08_StreamingContent_Inheritance", "08_StreamingContent_Inheritance\08_StreamingContent_Inheritance.csproj", "{894A3647-9710-4332-BBDE-01633D47A54B}"
EndProject
Project("{FAE04EC0-301F-11D3-BF4B-00C04F79EFBC}") = "09_StreamingContent_Console", "09_StreamingContent_Console\09_StreamingContent_Console.csproj", "{2A31D6C4-B8EB-4344-A519-60D90E7B12D6}"
EndProject
Project("{FAE04EC0-301F-11D3-BF4B-00C04F79EFBC}") = "10_StreamingContent_UIRefactorTests", "10_StreamingContent_UIRefactorTests\10_StreamingContent_UIRefactorTests.csproj", "{E0ACB4BC-2A4A-4A0A-94C2-7F86B1C9E7F8}"
EndProject
Project("{FAE04EC0-301F-11D3-BF4B-00C04F79EFBC}") = "99_MorningChallenge_DrofsnarConsole", "99_MorningChallenge_DrofsnarConsole\99_MorningChallenge_DrofsnarConsole.csproj", "{5DF0C5AF-38F1-42C6-951B-F4B68E350D33}"
EndProject
Project("{FAE04EC0-301F-11D3-BF4B-00C04F79EFBC}") = "99_MorningChallenge_DrofsnarClasses", "99_MorningChallenge_DrofsnarClasses\99_MorningChallenge_DrofsnarClasses.csproj", "{01126701-4862-4D13-BBFD-7DE265206851}"
EndProject
Project("{FAE04EC0-301F-11D3-BF4B-00C04F79EFBC}") = "12_Classes", "12_Classes\12_Classes.csproj", "{04ED9040-F30E-4296-945C-FF0056B2FCF8}"
EndProject
Project("{FAE04EC0-301F-11D3-BF4B-00C04F79EFBC}") = "12_Console", "12_Console\12_Console.csproj", "{86DF23B0-E611-4607-8810-52D3C96D3309}"
EndProject
Project("{FAE04EC0-301F-11D3-BF4B-00C04F79EFBC}") = "12_TestPerson", "12_TestPerson\12_TestPerson.csproj", "{22749D64-9E2C-4D88-BD67-7559F0734670}"
EndProject
Project("{FAE04EC0-301F-11D3-BF4B-00C04F79EFBC}") = "55_PairProgramming_Class", "55_PairProgramming_Class\55_PairProgramming_Class.csproj", "{3EFB4A9E-4350-42DA-A916-3CEC3A2701C4}"
EndProject
Project("{FAE04EC0-301F-11D3-BF4B-00C04F79EFBC}") = "55_PairProgramming_Console", "55_PairProgramming_Console\55_PairProgramming_Console.csproj", "{559C88A1-9346-4320-8096-F8AC03E7D695}"
EndProject
Global
	GlobalSection(SolutionConfigurationPlatforms) = preSolution
		Debug|Any CPU = Debug|Any CPU
		Release|Any CPU = Release|Any CPU
	EndGlobalSection
	GlobalSection(ProjectConfigurationPlatforms) = postSolution
		{E2676019-9A1E-4769-ABB5-7C4587812E70}.Debug|Any CPU.ActiveCfg = Debug|Any CPU
		{E2676019-9A1E-4769-ABB5-7C4587812E70}.Debug|Any CPU.Build.0 = Debug|Any CPU
		{E2676019-9A1E-4769-ABB5-7C4587812E70}.Release|Any CPU.ActiveCfg = Release|Any CPU
		{E2676019-9A1E-4769-ABB5-7C4587812E70}.Release|Any CPU.Build.0 = Release|Any CPU
		{AAE2FDA7-8E63-44DC-B810-AE5492588221}.Debug|Any CPU.ActiveCfg = Debug|Any CPU
		{AAE2FDA7-8E63-44DC-B810-AE5492588221}.Debug|Any CPU.Build.0 = Debug|Any CPU
		{AAE2FDA7-8E63-44DC-B810-AE5492588221}.Release|Any CPU.ActiveCfg = Release|Any CPU
		{AAE2FDA7-8E63-44DC-B810-AE5492588221}.Release|Any CPU.Build.0 = Release|Any CPU
		{40B8B124-D8E2-4B28-9C3B-1BD102042CD1}.Debug|Any CPU.ActiveCfg = Debug|Any CPU
		{40B8B124-D8E2-4B28-9C3B-1BD102042CD1}.Debug|Any CPU.Build.0 = Debug|Any CPU
		{40B8B124-D8E2-4B28-9C3B-1BD102042CD1}.Release|Any CPU.ActiveCfg = Release|Any CPU
		{40B8B124-D8E2-4B28-9C3B-1BD102042CD1}.Release|Any CPU.Build.0 = Release|Any CPU
		{FD26FACB-2010-4CD4-8B8B-567A97CE939D}.Debug|Any CPU.ActiveCfg = Debug|Any CPU
		{FD26FACB-2010-4CD4-8B8B-567A97CE939D}.Debug|Any CPU.Build.0 = Debug|Any CPU
		{FD26FACB-2010-4CD4-8B8B-567A97CE939D}.Release|Any CPU.ActiveCfg = Release|Any CPU
		{FD26FACB-2010-4CD4-8B8B-567A97CE939D}.Release|Any CPU.Build.0 = Release|Any CPU
		{B15BD9E8-D42D-4B7C-9C98-293BED7932C7}.Debug|Any CPU.ActiveCfg = Debug|Any CPU
		{B15BD9E8-D42D-4B7C-9C98-293BED7932C7}.Debug|Any CPU.Build.0 = Debug|Any CPU
		{B15BD9E8-D42D-4B7C-9C98-293BED7932C7}.Release|Any CPU.ActiveCfg = Release|Any CPU
		{B15BD9E8-D42D-4B7C-9C98-293BED7932C7}.Release|Any CPU.Build.0 = Release|Any CPU
		{A6000461-FDE0-4833-B5E4-6EA3D3A72D64}.Debug|Any CPU.ActiveCfg = Debug|Any CPU
		{A6000461-FDE0-4833-B5E4-6EA3D3A72D64}.Debug|Any CPU.Build.0 = Debug|Any CPU
		{A6000461-FDE0-4833-B5E4-6EA3D3A72D64}.Release|Any CPU.ActiveCfg = Release|Any CPU
		{A6000461-FDE0-4833-B5E4-6EA3D3A72D64}.Release|Any CPU.Build.0 = Release|Any CPU
		{0CDC96D1-D9FC-4777-B9EB-937285378CDD}.Debug|Any CPU.ActiveCfg = Debug|Any CPU
		{0CDC96D1-D9FC-4777-B9EB-937285378CDD}.Debug|Any CPU.Build.0 = Debug|Any CPU
		{0CDC96D1-D9FC-4777-B9EB-937285378CDD}.Release|Any CPU.ActiveCfg = Release|Any CPU
		{0CDC96D1-D9FC-4777-B9EB-937285378CDD}.Release|Any CPU.Build.0 = Release|Any CPU
		{387B6C14-C413-4B79-B533-3194F4BE9725}.Debug|Any CPU.ActiveCfg = Debug|Any CPU
		{387B6C14-C413-4B79-B533-3194F4BE9725}.Debug|Any CPU.Build.0 = Debug|Any CPU
		{387B6C14-C413-4B79-B533-3194F4BE9725}.Release|Any CPU.ActiveCfg = Release|Any CPU
		{387B6C14-C413-4B79-B533-3194F4BE9725}.Release|Any CPU.Build.0 = Release|Any CPU
		{36BE12AA-8A85-4573-96D1-7C89817D72A1}.Debug|Any CPU.ActiveCfg = Debug|Any CPU
		{36BE12AA-8A85-4573-96D1-7C89817D72A1}.Debug|Any CPU.Build.0 = Debug|Any CPU
		{36BE12AA-8A85-4573-96D1-7C89817D72A1}.Release|Any CPU.ActiveCfg = Release|Any CPU
		{36BE12AA-8A85-4573-96D1-7C89817D72A1}.Release|Any CPU.Build.0 = Release|Any CPU
		{4014E1A5-8E0E-4889-BA25-06907A2DCA54}.Debug|Any CPU.ActiveCfg = Debug|Any CPU
		{4014E1A5-8E0E-4889-BA25-06907A2DCA54}.Debug|Any CPU.Build.0 = Debug|Any CPU
		{4014E1A5-8E0E-4889-BA25-06907A2DCA54}.Release|Any CPU.ActiveCfg = Release|Any CPU
		{4014E1A5-8E0E-4889-BA25-06907A2DCA54}.Release|Any CPU.Build.0 = Release|Any CPU
		{8F7EE118-852D-42D0-BA21-4A8FF8A8A74C}.Debug|Any CPU.ActiveCfg = Debug|Any CPU
		{8F7EE118-852D-42D0-BA21-4A8FF8A8A74C}.Debug|Any CPU.Build.0 = Debug|Any CPU
		{8F7EE118-852D-42D0-BA21-4A8FF8A8A74C}.Release|Any CPU.ActiveCfg = Release|Any CPU
		{8F7EE118-852D-42D0-BA21-4A8FF8A8A74C}.Release|Any CPU.Build.0 = Release|Any CPU
		{59CF17F5-4FD9-4BAF-B814-DC735D36016E}.Debug|Any CPU.ActiveCfg = Debug|Any CPU
		{59CF17F5-4FD9-4BAF-B814-DC735D36016E}.Debug|Any CPU.Build.0 = Debug|Any CPU
		{59CF17F5-4FD9-4BAF-B814-DC735D36016E}.Release|Any CPU.ActiveCfg = Release|Any CPU
		{59CF17F5-4FD9-4BAF-B814-DC735D36016E}.Release|Any CPU.Build.0 = Release|Any CPU
		{CF8DB9EC-89D6-47E0-8F80-2A83D7CF0664}.Debug|Any CPU.ActiveCfg = Debug|Any CPU
		{CF8DB9EC-89D6-47E0-8F80-2A83D7CF0664}.Debug|Any CPU.Build.0 = Debug|Any CPU
		{CF8DB9EC-89D6-47E0-8F80-2A83D7CF0664}.Release|Any CPU.ActiveCfg = Release|Any CPU
		{CF8DB9EC-89D6-47E0-8F80-2A83D7CF0664}.Release|Any CPU.Build.0 = Release|Any CPU
		{0FCE0E58-6820-4EAF-8987-3A360A8D1624}.Debug|Any CPU.ActiveCfg = Debug|Any CPU
		{0FCE0E58-6820-4EAF-8987-3A360A8D1624}.Debug|Any CPU.Build.0 = Debug|Any CPU
		{0FCE0E58-6820-4EAF-8987-3A360A8D1624}.Release|Any CPU.ActiveCfg = Release|Any CPU
		{0FCE0E58-6820-4EAF-8987-3A360A8D1624}.Release|Any CPU.Build.0 = Release|Any CPU
		{65806E88-6A1F-4089-B704-CD6B4C7C91D7}.Debug|Any CPU.ActiveCfg = Debug|Any CPU
		{65806E88-6A1F-4089-B704-CD6B4C7C91D7}.Debug|Any CPU.Build.0 = Debug|Any CPU
		{65806E88-6A1F-4089-B704-CD6B4C7C91D7}.Release|Any CPU.ActiveCfg = Release|Any CPU
		{65806E88-6A1F-4089-B704-CD6B4C7C91D7}.Release|Any CPU.Build.0 = Release|Any CPU
		{F0B88057-B5F6-467A-B97C-F25B959C1707}.Debug|Any CPU.ActiveCfg = Debug|Any CPU
		{F0B88057-B5F6-467A-B97C-F25B959C1707}.Debug|Any CPU.Build.0 = Debug|Any CPU
		{F0B88057-B5F6-467A-B97C-F25B959C1707}.Release|Any CPU.ActiveCfg = Release|Any CPU
		{F0B88057-B5F6-467A-B97C-F25B959C1707}.Release|Any CPU.Build.0 = Release|Any CPU
		{EF3426E5-25C3-4627-B643-F90F2113123E}.Debug|Any CPU.ActiveCfg = Debug|Any CPU
		{EF3426E5-25C3-4627-B643-F90F2113123E}.Debug|Any CPU.Build.0 = Debug|Any CPU
		{EF3426E5-25C3-4627-B643-F90F2113123E}.Release|Any CPU.ActiveCfg = Release|Any CPU
		{EF3426E5-25C3-4627-B643-F90F2113123E}.Release|Any CPU.Build.0 = Release|Any CPU
		{E34B834F-3897-4DD3-9181-7496DD877BE5}.Debug|Any CPU.ActiveCfg = Debug|Any CPU
		{E34B834F-3897-4DD3-9181-7496DD877BE5}.Debug|Any CPU.Build.0 = Debug|Any CPU
		{E34B834F-3897-4DD3-9181-7496DD877BE5}.Release|Any CPU.ActiveCfg = Release|Any CPU
		{E34B834F-3897-4DD3-9181-7496DD877BE5}.Release|Any CPU.Build.0 = Release|Any CPU
		{06787706-EA72-4995-9B1A-DE92C59C5F7F}.Debug|Any CPU.ActiveCfg = Debug|Any CPU
		{06787706-EA72-4995-9B1A-DE92C59C5F7F}.Debug|Any CPU.Build.0 = Debug|Any CPU
		{06787706-EA72-4995-9B1A-DE92C59C5F7F}.Release|Any CPU.ActiveCfg = Release|Any CPU
		{06787706-EA72-4995-9B1A-DE92C59C5F7F}.Release|Any CPU.Build.0 = Release|Any CPU
		{2C606551-3D8E-418C-9C97-4F4CCA917645}.Debug|Any CPU.ActiveCfg = Debug|Any CPU
		{2C606551-3D8E-418C-9C97-4F4CCA917645}.Debug|Any CPU.Build.0 = Debug|Any CPU
		{2C606551-3D8E-418C-9C97-4F4CCA917645}.Release|Any CPU.ActiveCfg = Release|Any CPU
		{2C606551-3D8E-418C-9C97-4F4CCA917645}.Release|Any CPU.Build.0 = Release|Any CPU
		{894A3647-9710-4332-BBDE-01633D47A54B}.Debug|Any CPU.ActiveCfg = Debug|Any CPU
		{894A3647-9710-4332-BBDE-01633D47A54B}.Debug|Any CPU.Build.0 = Debug|Any CPU
		{894A3647-9710-4332-BBDE-01633D47A54B}.Release|Any CPU.ActiveCfg = Release|Any CPU
		{894A3647-9710-4332-BBDE-01633D47A54B}.Release|Any CPU.Build.0 = Release|Any CPU
		{2A31D6C4-B8EB-4344-A519-60D90E7B12D6}.Debug|Any CPU.ActiveCfg = Debug|Any CPU
		{2A31D6C4-B8EB-4344-A519-60D90E7B12D6}.Debug|Any CPU.Build.0 = Debug|Any CPU
		{2A31D6C4-B8EB-4344-A519-60D90E7B12D6}.Release|Any CPU.ActiveCfg = Release|Any CPU
		{2A31D6C4-B8EB-4344-A519-60D90E7B12D6}.Release|Any CPU.Build.0 = Release|Any CPU
		{E0ACB4BC-2A4A-4A0A-94C2-7F86B1C9E7F8}.Debug|Any CPU.ActiveCfg = Debug|Any CPU
		{E0ACB4BC-2A4A-4A0A-94C2-7F86B1C9E7F8}.Debug|Any CPU.Build.0 = Debug|Any CPU
		{E0ACB4BC-2A4A-4A0A-94C2-7F86B1C9E7F8}.Release|Any CPU.ActiveCfg = Release|Any CPU
		{E0ACB4BC-2A4A-4A0A-94C2-7F86B1C9E7F8}.Release|Any CPU.Build.0 = Release|Any CPU
		{5DF0C5AF-38F1-42C6-951B-F4B68E350D33}.Debug|Any CPU.ActiveCfg = Debug|Any CPU
		{5DF0C5AF-38F1-42C6-951B-F4B68E350D33}.Debug|Any CPU.Build.0 = Debug|Any CPU
		{5DF0C5AF-38F1-42C6-951B-F4B68E350D33}.Release|Any CPU.ActiveCfg = Release|Any CPU
		{5DF0C5AF-38F1-42C6-951B-F4B68E350D33}.Release|Any CPU.Build.0 = Release|Any CPU
		{01126701-4862-4D13-BBFD-7DE265206851}.Debug|Any CPU.ActiveCfg = Debug|Any CPU
		{01126701-4862-4D13-BBFD-7DE265206851}.Debug|Any CPU.Build.0 = Debug|Any CPU
		{01126701-4862-4D13-BBFD-7DE265206851}.Release|Any CPU.ActiveCfg = Release|Any CPU
		{01126701-4862-4D13-BBFD-7DE265206851}.Release|Any CPU.Build.0 = Release|Any CPU
		{04ED9040-F30E-4296-945C-FF0056B2FCF8}.Debug|Any CPU.ActiveCfg = Debug|Any CPU
		{04ED9040-F30E-4296-945C-FF0056B2FCF8}.Debug|Any CPU.Build.0 = Debug|Any CPU
		{04ED9040-F30E-4296-945C-FF0056B2FCF8}.Release|Any CPU.ActiveCfg = Release|Any CPU
		{04ED9040-F30E-4296-945C-FF0056B2FCF8}.Release|Any CPU.Build.0 = Release|Any CPU
		{86DF23B0-E611-4607-8810-52D3C96D3309}.Debug|Any CPU.ActiveCfg = Debug|Any CPU
		{86DF23B0-E611-4607-8810-52D3C96D3309}.Debug|Any CPU.Build.0 = Debug|Any CPU
		{86DF23B0-E611-4607-8810-52D3C96D3309}.Release|Any CPU.ActiveCfg = Release|Any CPU
		{86DF23B0-E611-4607-8810-52D3C96D3309}.Release|Any CPU.Build.0 = Release|Any CPU
		{22749D64-9E2C-4D88-BD67-7559F0734670}.Debug|Any CPU.ActiveCfg = Debug|Any CPU
		{22749D64-9E2C-4D88-BD67-7559F0734670}.Debug|Any CPU.Build.0 = Debug|Any CPU
		{22749D64-9E2C-4D88-BD67-7559F0734670}.Release|Any CPU.ActiveCfg = Release|Any CPU
		{22749D64-9E2C-4D88-BD67-7559F0734670}.Release|Any CPU.Build.0 = Release|Any CPU
		{3EFB4A9E-4350-42DA-A916-3CEC3A2701C4}.Debug|Any CPU.ActiveCfg = Debug|Any CPU
		{3EFB4A9E-4350-42DA-A916-3CEC3A2701C4}.Debug|Any CPU.Build.0 = Debug|Any CPU
		{3EFB4A9E-4350-42DA-A916-3CEC3A2701C4}.Release|Any CPU.ActiveCfg = Release|Any CPU
		{3EFB4A9E-4350-42DA-A916-3CEC3A2701C4}.Release|Any CPU.Build.0 = Release|Any CPU
		{559C88A1-9346-4320-8096-F8AC03E7D695}.Debug|Any CPU.ActiveCfg = Debug|Any CPU
		{559C88A1-9346-4320-8096-F8AC03E7D695}.Debug|Any CPU.Build.0 = Debug|Any CPU
		{559C88A1-9346-4320-8096-F8AC03E7D695}.Release|Any CPU.ActiveCfg = Release|Any CPU
		{559C88A1-9346-4320-8096-F8AC03E7D695}.Release|Any CPU.Build.0 = Release|Any CPU
	EndGlobalSection
	GlobalSection(SolutionProperties) = preSolution
		HideSolutionNode = FALSE
	EndGlobalSection
	GlobalSection(ExtensibilityGlobals) = postSolution
		SolutionGuid = {5DBEE042-1A48-4C4E-B388-77732F056B9E}
	EndGlobalSection
EndGlobal
