
Microsoft Visual Studio Solution File, Format Version 12.00
# Visual Studio Version 16
VisualStudioVersion = 16.0.30204.135
MinimumVisualStudioVersion = 10.0.40219.1
Project("{FAE04EC0-301F-11D3-BF4B-00C04F79EFBC}") = "00_VariablesAndValueTypes", "00_VariablesAndValueTypes\00_VariablesAndValueTypes.csproj", "{E2676019-9A1E-4769-ABB5-7C4587812E70}"
EndProject
Project("{FAE04EC0-301F-11D3-BF4B-00C04F79EFBC}") = "01_ReferenceTypes", "01_ReferenceTypes\01_ReferenceTypes.csproj", "{AAE2FDA7-8E63-44DC-B810-AE5492588221}"
EndProject
Project("{FAE04EC0-301F-11D3-BF4B-00C04F79EFBC}") = "02_Operators", "02_Operators\02_Operators.csproj", "{40B8B124-D8E2-4B28-9C3B-1BD102042CD1}"
EndProject
Project("{FAE04EC0-301F-11D3-BF4B-00C04F79EFBC}") = "03_IfElseStatements", "03_IfElseStatements\03_IfElseStatements.csproj", "{FD26FACB-2010-4CD4-8B8B-567A97CE939D}"
EndProject
Project("{FAE04EC0-301F-11D3-BF4B-00C04F79EFBC}") = "03_SwitchCases", "03_SwitchCases\03_SwitchCases.csproj", "{B15BD9E8-D42D-4B7C-9C98-293BED7932C7}"
EndProject
Project("{FAE04EC0-301F-11D3-BF4B-00C04F79EFBC}") = "03_Ternaries", "03_Ternaries\03_Ternaries.csproj", "{A6000461-FDE0-4833-B5E4-6EA3D3A72D64}"
EndProject
Project("{FAE04EC0-301F-11D3-BF4B-00C04F79EFBC}") = "04_Loops", "04_Loops\04_Loops.csproj", "{0CDC96D1-D9FC-4777-B9EB-937285378CDD}"
EndProject
Project("{FAE04EC0-301F-11D3-BF4B-00C04F79EFBC}") = "05_Methods", "05_Methods\05_Methods.csproj", "{387B6C14-C413-4B79-B533-3194F4BE9725}"
EndProject
Project("{FAE04EC0-301F-11D3-BF4B-00C04F79EFBC}") = "99_ScopeExample", "ScopeExample\99_ScopeExample.csproj", "{BB8CDA7E-C42D-49C3-A0FD-A86C1B3DFC36}"
EndProject
Project("{FAE04EC0-301F-11D3-BF4B-00C04F79EFBC}") = "99_ReferenceTypesChallenges", "01_ReferenceTypesChallenges\99_ReferenceTypesChallenges.csproj", "{36BE12AA-8A85-4573-96D1-7C89817D72A1}"
EndProject
Project("{FAE04EC0-301F-11D3-BF4B-00C04F79EFBC}") = "99_RandomNumberAndString", "01_RandomNumberAndString\99_RandomNumberAndString.csproj", "{4014E1A5-8E0E-4889-BA25-06907A2DCA54}"
EndProject
Project("{FAE04EC0-301F-11D3-BF4B-00C04F79EFBC}") = "99_RandQueMethod", "99_RandQueMethod\99_RandQueMethod.csproj", "{8F7EE118-852D-42D0-BA21-4A8FF8A8A74C}"
EndProject
Project("{FAE04EC0-301F-11D3-BF4B-00C04F79EFBC}") = "00_ConvertStringToNumbers", "00_ConvertStringToNumbers\00_ConvertStringToNumbers.csproj", "{59CF17F5-4FD9-4BAF-B814-DC735D36016E}"
EndProject
Project("{FAE04EC0-301F-11D3-BF4B-00C04F79EFBC}") = "99_Practice", "99_Practice\99_Practice.csproj", "{CF8DB9EC-89D6-47E0-8F80-2A83D7CF0664}"
EndProject
Project("{FAE04EC0-301F-11D3-BF4B-00C04F79EFBC}") = "99_TestSomething", "99_TestSomething\99_TestSomething.csproj", "{0FCE0E58-6820-4EAF-8987-3A360A8D1624}"
EndProject
Project("{FAE04EC0-301F-11D3-BF4B-00C04F79EFBC}") = "05_TimeSpan", "05_TimeSpan\05_TimeSpan.csproj", "{65806E88-6A1F-4089-B704-CD6B4C7C91D7}"
EndProject
Global
	GlobalSection(SolutionConfigurationPlatforms) = preSolution
		Debug|Any CPU = Debug|Any CPU
		Release|Any CPU = Release|Any CPU
	EndGlobalSection
	GlobalSection(ProjectConfigurationPlatforms) = postSolution
		{E2676019-9A1E-4769-ABB5-7C4587812E70}.Debug|Any CPU.ActiveCfg = Debug|Any CPU
		{E2676019-9A1E-4769-ABB5-7C4587812E70}.Debug|Any CPU.Build.0 = Debug|Any CPU
		{E2676019-9A1E-4769-ABB5-7C4587812E70}.Release|Any CPU.ActiveCfg = Release|Any CPU
		{E2676019-9A1E-4769-ABB5-7C4587812E70}.Release|Any CPU.Build.0 = Release|Any CPU
		{AAE2FDA7-8E63-44DC-B810-AE5492588221}.Debug|Any CPU.ActiveCfg = Debug|Any CPU
		{AAE2FDA7-8E63-44DC-B810-AE5492588221}.Debug|Any CPU.Build.0 = Debug|Any CPU
		{AAE2FDA7-8E63-44DC-B810-AE5492588221}.Release|Any CPU.ActiveCfg = Release|Any CPU
		{AAE2FDA7-8E63-44DC-B810-AE5492588221}.Release|Any CPU.Build.0 = Release|Any CPU
		{40B8B124-D8E2-4B28-9C3B-1BD102042CD1}.Debug|Any CPU.ActiveCfg = Debug|Any CPU
		{40B8B124-D8E2-4B28-9C3B-1BD102042CD1}.Debug|Any CPU.Build.0 = Debug|Any CPU
		{40B8B124-D8E2-4B28-9C3B-1BD102042CD1}.Release|Any CPU.ActiveCfg = Release|Any CPU
		{40B8B124-D8E2-4B28-9C3B-1BD102042CD1}.Release|Any CPU.Build.0 = Release|Any CPU
		{FD26FACB-2010-4CD4-8B8B-567A97CE939D}.Debug|Any CPU.ActiveCfg = Debug|Any CPU
		{FD26FACB-2010-4CD4-8B8B-567A97CE939D}.Debug|Any CPU.Build.0 = Debug|Any CPU
		{FD26FACB-2010-4CD4-8B8B-567A97CE939D}.Release|Any CPU.ActiveCfg = Release|Any CPU
		{FD26FACB-2010-4CD4-8B8B-567A97CE939D}.Release|Any CPU.Build.0 = Release|Any CPU
		{B15BD9E8-D42D-4B7C-9C98-293BED7932C7}.Debug|Any CPU.ActiveCfg = Debug|Any CPU
		{B15BD9E8-D42D-4B7C-9C98-293BED7932C7}.Debug|Any CPU.Build.0 = Debug|Any CPU
		{B15BD9E8-D42D-4B7C-9C98-293BED7932C7}.Release|Any CPU.ActiveCfg = Release|Any CPU
		{B15BD9E8-D42D-4B7C-9C98-293BED7932C7}.Release|Any CPU.Build.0 = Release|Any CPU
		{A6000461-FDE0-4833-B5E4-6EA3D3A72D64}.Debug|Any CPU.ActiveCfg = Debug|Any CPU
		{A6000461-FDE0-4833-B5E4-6EA3D3A72D64}.Debug|Any CPU.Build.0 = Debug|Any CPU
		{A6000461-FDE0-4833-B5E4-6EA3D3A72D64}.Release|Any CPU.ActiveCfg = Release|Any CPU
		{A6000461-FDE0-4833-B5E4-6EA3D3A72D64}.Release|Any CPU.Build.0 = Release|Any CPU
		{0CDC96D1-D9FC-4777-B9EB-937285378CDD}.Debug|Any CPU.ActiveCfg = Debug|Any CPU
		{0CDC96D1-D9FC-4777-B9EB-937285378CDD}.Debug|Any CPU.Build.0 = Debug|Any CPU
		{0CDC96D1-D9FC-4777-B9EB-937285378CDD}.Release|Any CPU.ActiveCfg = Release|Any CPU
		{0CDC96D1-D9FC-4777-B9EB-937285378CDD}.Release|Any CPU.Build.0 = Release|Any CPU
		{387B6C14-C413-4B79-B533-3194F4BE9725}.Debug|Any CPU.ActiveCfg = Debug|Any CPU
		{387B6C14-C413-4B79-B533-3194F4BE9725}.Debug|Any CPU.Build.0 = Debug|Any CPU
		{387B6C14-C413-4B79-B533-3194F4BE9725}.Release|Any CPU.ActiveCfg = Release|Any CPU
		{387B6C14-C413-4B79-B533-3194F4BE9725}.Release|Any CPU.Build.0 = Release|Any CPU
		{BB8CDA7E-C42D-49C3-A0FD-A86C1B3DFC36}.Debug|Any CPU.ActiveCfg = Debug|Any CPU
		{BB8CDA7E-C42D-49C3-A0FD-A86C1B3DFC36}.Debug|Any CPU.Build.0 = Debug|Any CPU
		{BB8CDA7E-C42D-49C3-A0FD-A86C1B3DFC36}.Release|Any CPU.ActiveCfg = Release|Any CPU
		{BB8CDA7E-C42D-49C3-A0FD-A86C1B3DFC36}.Release|Any CPU.Build.0 = Release|Any CPU
		{36BE12AA-8A85-4573-96D1-7C89817D72A1}.Debug|Any CPU.ActiveCfg = Debug|Any CPU
		{36BE12AA-8A85-4573-96D1-7C89817D72A1}.Debug|Any CPU.Build.0 = Debug|Any CPU
		{36BE12AA-8A85-4573-96D1-7C89817D72A1}.Release|Any CPU.ActiveCfg = Release|Any CPU
		{36BE12AA-8A85-4573-96D1-7C89817D72A1}.Release|Any CPU.Build.0 = Release|Any CPU
		{4014E1A5-8E0E-4889-BA25-06907A2DCA54}.Debug|Any CPU.ActiveCfg = Debug|Any CPU
		{4014E1A5-8E0E-4889-BA25-06907A2DCA54}.Debug|Any CPU.Build.0 = Debug|Any CPU
		{4014E1A5-8E0E-4889-BA25-06907A2DCA54}.Release|Any CPU.ActiveCfg = Release|Any CPU
		{4014E1A5-8E0E-4889-BA25-06907A2DCA54}.Release|Any CPU.Build.0 = Release|Any CPU
		{8F7EE118-852D-42D0-BA21-4A8FF8A8A74C}.Debug|Any CPU.ActiveCfg = Debug|Any CPU
		{8F7EE118-852D-42D0-BA21-4A8FF8A8A74C}.Debug|Any CPU.Build.0 = Debug|Any CPU
		{8F7EE118-852D-42D0-BA21-4A8FF8A8A74C}.Release|Any CPU.ActiveCfg = Release|Any CPU
		{8F7EE118-852D-42D0-BA21-4A8FF8A8A74C}.Release|Any CPU.Build.0 = Release|Any CPU
		{59CF17F5-4FD9-4BAF-B814-DC735D36016E}.Debug|Any CPU.ActiveCfg = Debug|Any CPU
		{59CF17F5-4FD9-4BAF-B814-DC735D36016E}.Debug|Any CPU.Build.0 = Debug|Any CPU
		{59CF17F5-4FD9-4BAF-B814-DC735D36016E}.Release|Any CPU.ActiveCfg = Release|Any CPU
		{59CF17F5-4FD9-4BAF-B814-DC735D36016E}.Release|Any CPU.Build.0 = Release|Any CPU
		{CF8DB9EC-89D6-47E0-8F80-2A83D7CF0664}.Debug|Any CPU.ActiveCfg = Debug|Any CPU
		{CF8DB9EC-89D6-47E0-8F80-2A83D7CF0664}.Debug|Any CPU.Build.0 = Debug|Any CPU
		{CF8DB9EC-89D6-47E0-8F80-2A83D7CF0664}.Release|Any CPU.ActiveCfg = Release|Any CPU
		{CF8DB9EC-89D6-47E0-8F80-2A83D7CF0664}.Release|Any CPU.Build.0 = Release|Any CPU
		{0FCE0E58-6820-4EAF-8987-3A360A8D1624}.Debug|Any CPU.ActiveCfg = Debug|Any CPU
		{0FCE0E58-6820-4EAF-8987-3A360A8D1624}.Debug|Any CPU.Build.0 = Debug|Any CPU
		{0FCE0E58-6820-4EAF-8987-3A360A8D1624}.Release|Any CPU.ActiveCfg = Release|Any CPU
		{0FCE0E58-6820-4EAF-8987-3A360A8D1624}.Release|Any CPU.Build.0 = Release|Any CPU
		{65806E88-6A1F-4089-B704-CD6B4C7C91D7}.Debug|Any CPU.ActiveCfg = Debug|Any CPU
		{65806E88-6A1F-4089-B704-CD6B4C7C91D7}.Debug|Any CPU.Build.0 = Debug|Any CPU
		{65806E88-6A1F-4089-B704-CD6B4C7C91D7}.Release|Any CPU.ActiveCfg = Release|Any CPU
		{65806E88-6A1F-4089-B704-CD6B4C7C91D7}.Release|Any CPU.Build.0 = Release|Any CPU
	EndGlobalSection
	GlobalSection(SolutionProperties) = preSolution
		HideSolutionNode = FALSE
	EndGlobalSection
	GlobalSection(ExtensibilityGlobals) = postSolution
		SolutionGuid = {5DBEE042-1A48-4C4E-B388-77732F056B9E}
	EndGlobalSection
EndGlobal
